PODS:
  - fl_shared_link (0.0.1):
    - Flutter
  - Flutter (1.0.0)

DEPENDENCIES:
  - fl_shared_link (from `.symlinks/plugins/fl_shared_link/ios`)
  - Flutter (from `Flutter`)

EXTERNAL SOURCES:
  fl_shared_link:
    :path: ".symlinks/plugins/fl_shared_link/ios"
  Flutter:
    :path: Flutter

SPEC CHECKSUMS:
  fl_shared_link: 7d0c92e0b8ebc6a5ad73a3b67529df09c8d90e1e
  Flutter: e0871f40cf51350855a761d2e70bf5af5b9b5de7

PODFILE CHECKSUM: c4c93c5f6502fe2754f48404d3594bf779584011

COCOAPODS: 1.15.2
